github.com/DHowett/go-plist v0.0.0-20180609054337-500bd5b9081b h1:WFNhl1+1ofCWWdNFEhut77cmuMXjJYYvkEVloDdaUCI=
github.com/DHowett/go-plist v0.0.0-20180609054337-500bd5b9081b/go.mod h1:5paT5ZDrOm8eAJPem2Bd+q3FTi3Gxm/U4tb2tH8YIUQ=
github.com/chiefbrain/ios v0.0.0-20170407113533-c740def7cc9f h1:dEklwSgJNygDYiRC1j0zz8aRLeMmXKjBcegcFNQxZqM=
github.com/chiefbrain/ios v0.0.0-20170407113533-c740def7cc9f/go.mod h1:7jNYsES9qLKUv4CzKlY23k48gSZRok+MnwylbM1Pj5Y=
github.com/dunhamsteve/plist v0.0.0-20141002024612-b6f98fbbce4a h1:rvx5fuOxNxUzJniwZ8kq6+mNpgzUFwzX+5z36WlbtA8=
github.com/dunhamsteve/plist v0.0.0-20141002024612-b6f98fbbce4a/go.mod h1:wYdaZYuFSWCziwZl3+0BNSnBCw1FKv4/V2JtV+RA6Xc=
github.com/gwatts/ios v0.0.0-20181019043743-b3fd07f7716f h1:r111o9YDTivNLzpiL02sQcZG0flfpdcSJHHTGOGFaQI=
github.com/gwatts/ios v0.0.0-20181019043743-b3fd07f7716f/go.mod h1:YyyLG3wctSKNRkXibaRwU9NsbLwYvZqhmleecIquR0U=
github.com/howeyc/gopass v0.0.0-20170109162249-bf9dde6d0d2c h1:kQWxfPIHVLbgLzphqk3QUflDy9QdksZR4ygR807bpy0=
github.com/howeyc/gopass v0.0.0-20170109162249-bf9dde6d0d2c/go.mod h1:lADxMC39cJJqL93Duh1xhAs4I2Zs8mKS89XWXFGp9cs=
github.com/mattn/go-sqlite3 v1.9.0 h1:pDRiWfl+++eC2FEFRy6jXmQlvp4Yh3z1MJKg4UeYM/4=
github.com/mattn/go-sqlite3 v1.9.0/go.mod h1:FPy6KqzDD04eiIsT53CuJW3U88zkxoIYsOqkbpncsNc=
golang.org/x/crypto v0.1.0 h1:MDRAIl0xIo9Io2xV565hzXHw3zVseKrJKodhohM5CjU=
golang.org/x/crypto v0.1.0/go.mod h1:RecgLatLF4+eUMCP1PoPZQb+cVrJcOPbHkTkbkB9sbw=
golang.org/x/sys v0.1.0 h1:kunALQeHf1/185U1i0GOB/fy1IPRDDpuoOOqRReG57U=
golang.org/x/sys v0.1.0/go.mod h1:oPkhp1MJrh7nUepCBck5+mAzfO9JrbApNNgaTdGDITg=
golang.org/x/term v0.1.0 h1:g6Z6vPFA9dYBAF7DWcH6sCcOntplXsDKcliusYijMlw=
golang.org/x/term v0.1.0/go.mod h1:jbD1KX2456YbFQfuXm/mYQcufACuNUgVhRMnK/tPxf8=
howett.net/plist v0.0.0-20180609054337-500bd5b9081b h1:r4LwkXZhdblHVSgAvfRjsFpQBorl6S9pAH+AOHVs+28=
howett.net/plist v0.0.0-20180609054337-500bd5b9081b/go.mod h1:jInWmjR7JRkkon4jlLXDZGVEeY/wo3kOOJEWYhNE+9Y=
